PODS:
  - background_fetch (1.0.3):
    - Flutter
  - connectivity_plus (0.0.1):
    - Flutter
    - ReachabilitySwift
  - Flutter (1.0.0)
  - flutter_background_service (0.0.1):
    - Flutter
  - flutter_restart (0.0.1):
    - Flutter
  - fluttertoast (0.0.2):
    - Flutter
    - Toast
  - geocoding (1.0.5):
    - Flutter
  - geolocator_apple (1.2.0):
    - Flutter
  - image_cropper (0.0.4):
    - Flutter
    - TOCropViewController (~> 2.6.1)
  - image_picker (0.0.1):
    - Flutter
  - path_provider_ios (0.0.1):
    - Flutter
  - ReachabilitySwift (5.0.0)
  - shared_preferences_ios (0.0.1):
    - Flutter
  - Toast (4.0.0)
  - TOCropViewController (2.6.1)
  - url_launcher_ios (0.0.1):
    - Flutter

DEPENDENCIES:
  - background_fetch (from `.symlinks/plugins/background_fetch/ios`)
  - connectivity_plus (from `.symlinks/plugins/connectivity_plus/ios`)
  - Flutter (from `Flutter`)
  - flutter_background_service (from `.symlinks/plugins/flutter_background_service/ios`)
  - flutter_restart (from `.symlinks/plugins/flutter_restart/ios`)
  - fluttertoast (from `.symlinks/plugins/fluttertoast/ios`)
  - geocoding (from `.symlinks/plugins/geocoding/ios`)
  - geolocator_apple (from `.symlinks/plugins/geolocator_apple/ios`)
  - image_cropper (from `.symlinks/plugins/image_cropper/ios`)
  - image_picker (from `.symlinks/plugins/image_picker/ios`)
  - path_provider_ios (from `.symlinks/plugins/path_provider_ios/ios`)
  - shared_preferences_ios (from `.symlinks/plugins/shared_preferences_ios/ios`)
  - url_launcher_ios (from `.symlinks/plugins/url_launcher_ios/ios`)

SPEC REPOS:
  trunk:
    - ReachabilitySwift
    - Toast
    - TOCropViewController

EXTERNAL SOURCES:
  background_fetch:
    :path: ".symlinks/plugins/background_fetch/ios"
  connectivity_plus:
    :path: ".symlinks/plugins/connectivity_plus/ios"
  Flutter:
    :path: Flutter
  flutter_background_service:
    :path: ".symlinks/plugins/flutter_background_service/ios"
  flutter_restart:
    :path: ".symlinks/plugins/flutter_restart/ios"
  fluttertoast:
    :path: ".symlinks/plugins/fluttertoast/ios"
  geocoding:
    :path: ".symlinks/plugins/geocoding/ios"
  geolocator_apple:
    :path: ".symlinks/plugins/geolocator_apple/ios"
  image_cropper:
    :path: ".symlinks/plugins/image_cropper/ios"
  image_picker:
    :path: ".symlinks/plugins/image_picker/ios"
  path_provider_ios:
    :path: ".symlinks/plugins/path_provider_ios/ios"
  shared_preferences_ios:
    :path: ".symlinks/plugins/shared_preferences_ios/ios"
  url_launcher_ios:
    :path: ".symlinks/plugins/url_launcher_ios/ios"

SPEC CHECKSUMS:
  background_fetch: 8fa13640fc6e658a7c2e9a2dbc07af8650af215c
  connectivity_plus: 413a8857dd5d9f1c399a39130850d02fe0feaf7e
  Flutter: 50d75fe2f02b26cc09d224853bb45737f8b3214a
  flutter_background_service: a4644870cc76287aaa6147b47107e52680b79c90
  flutter_restart: 11eea2413f4947979cf19e99e9347ca021071157
  fluttertoast: 6122fa75143e992b1d3470f61000f591a798cc58
  geocoding: 32cfcdb16d38d907caaba65e2e42ad10d38bee58
  geolocator_apple: b741765c55dc21950e3e106e8b3584e55cf81ce5
  image_cropper: 60c2789d1f1a78c873235d4319ca0c34a69f2d98
  image_picker: 541dcbb3b9cf32d87eacbd957845d8651d6c62c3
  path_provider_ios: 7d7ce634493af4477d156294792024ec3485acd5
  ReachabilitySwift: 985039c6f7b23a1da463388634119492ff86c825
  shared_preferences_ios: aef470a42dc4675a1cdd50e3158b42e3d1232b32
  Toast: 91b396c56ee72a5790816f40d3a94dd357abc196
  TOCropViewController: edfd4f25713d56905ad1e0b9f5be3fbe0f59c863
  url_launcher_ios: 02f1989d4e14e998335b02b67a7590fa34f971af

PODFILE CHECKSUM: 4e8f8b2be68aeea4c0d5beb6ff1e79fface1d048

COCOAPODS: 1.11.3
